PODS:
  - WatchdogObjC (0.0.3)

DEPENDENCIES:
  - WatchdogObjC (from `../../../WatchdogObjC`)

EXTERNAL SOURCES:
  WatchdogObjC:
    :path: "../../../WatchdogObjC"

SPEC CHECKSUMS:
  WatchdogObjC: ec55ccb5abfbd8092a9ec2bf3cf9274f5db96283

PODFILE CHECKSUM: fb2202ecfcfe20d07b8b4844e115fd63bc12b2cf

COCOAPODS: 1.5.3
